
Microsoft Visual Studio Solution File, Format Version 12.00
# Visual Studio Version 16
VisualStudioVersion = 16.0.32126.315
MinimumVisualStudioVersion = 10.0.40219.1
Project("{FAE04EC0-301F-11D3-BF4B-00C04F79EFBC}") = "Tuan4_NguyenNgocThanh", "Tuan4_NguyenNgocThanh.csproj", "{620238C4-9D04-417C-A623-DD82929D6796}"
EndProject
Global
	GlobalSection(SolutionConfigurationPlatforms) = preSolution
		Debug|Any CPU = Debug|Any CPU
		Release|Any CPU = Release|Any CPU
	EndGlobalSection
	GlobalSection(ProjectConfigurationPlatforms) = postSolution
		{620238C4-9D04-417C-A623-DD82929D6796}.Debug|Any CPU.ActiveCfg = Debug|Any CPU
		{620238C4-9D04-417C-A623-DD82929D6796}.Debug|Any CPU.Build.0 = Debug|Any CPU
		{620238C4-9D04-417C-A623-DD82929D6796}.Release|Any CPU.ActiveCfg = Release|Any CPU
		{620238C4-9D04-417C-A623-DD82929D6796}.Release|Any CPU.Build.0 = Release|Any CPU
	EndGlobalSection
	GlobalSection(SolutionProperties) = preSolution
		HideSolutionNode = FALSE
	EndGlobalSection
	GlobalSection(ExtensibilityGlobals) = postSolution
		SolutionGuid = {E4E1D1BA-5D94-4F6C-ADA6-ADAF59CBC5F3}
	EndGlobalSection
EndGlobal
